github.com/ShavqatKavrakov/Lesson11_bank v0.0.0-20220604091523-2bcf8a152bcf h1:aOFxDmUeSe521CZSsC1AOmCBo0RYpyk/pEsmObvr+bQ=
github.com/ShavqatKavrakov/Lesson11_bank v0.0.0-20220604091523-2bcf8a152bcf/go.mod h1:kuJ2cXnjk8N+mkQMHJr8z1+yl9AJ+OwloXQ0eaBOZMw=
github.com/ShavqatKavrakov/Lesson11_bank/v2 v2.0.0 h1:nyeah5jgQdZdohckWnqiW2wGmToGI1Lh3IGx1A7Cyl8=
github.com/ShavqatKavrakov/Lesson11_bank/v2 v2.0.0/go.mod h1:NubsSxAQAOpPBKMYThEr1OoLNj9+K91Y39/yIdM4pPY=
